{
  "name": "lab-5",
  "version": "1.0.0",
  "lockfileVersion": 1,
  "requires": true,
  "dependencies": {
    "font-awesome": {
      "version": "4.7.0",
      "resolved": "https://registry.npmjs.org/font-awesome/-/font-awesome-4.7.0.tgz",
      "integrity": "sha1-j6jPBBGhoxr9B7BtKQK7n8gVoTM="
    },
    "w3css": {
      "version": "2.7.0",
      "resolved": "https://registry.npmjs.org/w3css/-/w3css-2.7.0.tgz",
      "integrity": "sha1-gR8cj3eW20RB+k5On45PuPfxC18="
    }
  }
}
